{
  "name": "digest",
  "version": "1.0.0",
  "lockfileVersion": 3,
  "requires": true,
  "packages": {
    "": {
      "name": "digest",
      "version": "1.0.0",
      "license": "AGPL-3.0-only",
      "dependencies": {
        "fs-extra": "^11.3.4",
        "tmp-promise": "^3.0.3",
        "zipdigest": "^1.0.0"
      },
      "engines": {
        "node": ">=18"
      }
    },
    "node_modules/fs-extra": {
      "version": "11.3.4",
      "resolved": "https://registry.npmjs.org/fs-extra/-/fs-extra-11.3.4.tgz",
      "integrity": "sha512-CTXd6rk/M3/ULNQj8FBqBWHYBVYybQ3VPBw0xGKFe3tuH7ytT6ACnvzpIQ3UZtB8yvUKC2cXn1a+x+5EVQLovA==",
      "license": "MIT",
      "dependencies": {
        "graceful-fs": "^4.2.0",
        "jsonfile": "^6.0.1",
        "universalify": "^2.0.0"
      },
      "engines": {
        "node": ">=14.14"
      }
    },
    "node_modules/graceful-fs": {
      "version": "4.2.11",
      "resolved": "https://registry.npmjs.org/graceful-fs/-/graceful-fs-4.2.11.tgz",
      "integrity": "sha512-RbJ5/jmFcNNCcDV5o9eTnBLJ/HszWV0P73bc+Ff4nS/rJj+YaS6IGyiOL0VoBYX+l1Wrl3k63h/KrH+nhJ0XvQ==",
      "license": "ISC"
    },
    "node_modules/jsonfile": {
      "version": "6.2.1",
      "resolved": "https://registry.npmjs.org/jsonfile/-/jsonfile-6.2.1.tgz",
      "integrity": "sha512-zwOTdL3rFQ/lRdBnntKVOX6k5cKJwEc1HdilT71BWEu7J41gXIB2MRp+vxduPSwZJPWBxEzv4yH1wYLJGUHX4Q==",
      "license": "MIT",
      "dependencies": {
        "universalify": "^2.0.0"
      },
      "optionalDependencies": {
        "graceful-fs": "^4.1.6"
      }
    },
    "node_modules/node-stream-zip": {
      "version": "1.15.0",
      "resolved": "https://registry.npmjs.org/node-stream-zip/-/node-stream-zip-1.15.0.tgz",
      "integrity": "sha512-LN4fydt9TqhZhThkZIVQnF9cwjU3qmUH9h78Mx/K7d3VvfRqqwthLwJEUOEL0QPZ0XQmNN7be5Ggit5+4dq3Bw==",
      "license": "MIT",
      "engines": {
        "node": ">=0.12.0"
      },
      "funding": {
        "type": "github",
        "url": "https://github.com/sponsors/antelle"
      }
    },
    "node_modules/tmp": {
      "version": "0.2.5",
      "resolved": "https://registry.npmjs.org/tmp/-/tmp-0.2.5.tgz",
      "integrity": "sha512-voyz6MApa1rQGUxT3E+BK7/ROe8itEx7vD8/HEvt4xwXucvQ5G5oeEiHkmHZJuBO21RpOf+YYm9MOivj709jow==",
      "license": "MIT",
      "engines": {
        "node": ">=14.14"
      }
    },
    "node_modules/tmp-promise": {
      "version": "3.0.3",
      "resolved": "https://registry.npmjs.org/tmp-promise/-/tmp-promise-3.0.3.tgz",
      "integrity": "sha512-RwM7MoPojPxsOBYnyd2hy0bxtIlVrihNs9pj5SUvY8Zz1sQcQG2tG1hSr8PDxfgEB8RNKDhqbIlroIarSNDNsQ==",
      "license": "MIT",
      "dependencies": {
        "tmp": "^0.2.0"
      }
    },
    "node_modules/universalify": {
      "version": "2.0.1",
      "resolved": "https://registry.npmjs.org/universalify/-/universalify-2.0.1.tgz",
      "integrity": "sha512-gptHNQghINnc/vTGIk0SOFGFNXw7JVrlRUtConJRlvaw6DuX0wO5Jeko9sWrMBhh+PsYAZ7oXAiOnf/UKogyiw==",
      "license": "MIT",
      "engines": {
        "node": ">= 10.0.0"
      }
    },
    "node_modules/zipdigest": {
      "version": "1.0.0",
      "resolved": "https://registry.npmjs.org/zipdigest/-/zipdigest-1.0.0.tgz",
      "integrity": "sha512-hbp0SyUpma9lNzr2URMvIsOvdcnEv5m4oML1LQT3Z7nCJ8td8RNRUisBx9Bn20vxY3GydY5N4EL9jVmF2KrIZw==",
      "license": "MIT",
      "dependencies": {
        "node-stream-zip": "^1.13.3"
      }
    }
  }
}
